{
  "name": "mmm-bsh",
  "version": "1.0.0",
  "lockfileVersion": 1,
  "requires": true,
  "dependencies": {
    "bosch-smart-home-bridge": {
      "version": "0.2.14",
      "resolved": "https://registry.npmjs.org/bosch-smart-home-bridge/-/bosch-smart-home-bridge-0.2.14.tgz",
      "integrity": "sha512-h3cZiqU1GQkcgRMnYzYT8xlnCsZDQXNEIL+QDfIXeDA++ULlm1q3sS/4mcKMI9EYJjUxidfsqkyCXsBBIXVdow==",
      "requires": {
        "rxjs": "^6.6.3",
        "selfsigned": "^1.10.8",
        "typescript": "^3.9.7",
        "uuid": "^3.4.0"
      }
    },
    "node-forge": {
      "version": "0.10.0",
      "resolved": "https://registry.npmjs.org/node-forge/-/node-forge-0.10.0.tgz",
      "integrity": "sha512-PPmu8eEeG9saEUvI97fm4OYxXVB6bFvyNTyiUOBichBpFG8A1Ljw3bY62+5oOjDEMHRnd0Y7HQ+x7uzxOzC6JA=="
    },
    "rxjs": {
      "version": "6.6.3",
      "resolved": "https://registry.npmjs.org/rxjs/-/rxjs-6.6.3.tgz",
      "integrity": "sha512-trsQc+xYYXZ3urjOiJOuCOa5N3jAZ3eiSpQB5hIT8zGlL2QfnHLJ2r7GMkBGuIausdJN1OneaI6gQlsqNHHmZQ==",
      "requires": {
        "tslib": "^1.9.0"
      }
    },
    "selfsigned": {
      "version": "1.10.8",
      "resolved": "https://registry.npmjs.org/selfsigned/-/selfsigned-1.10.8.tgz",
      "integrity": "sha512-2P4PtieJeEwVgTU9QEcwIRDQ/mXJLX8/+I3ur+Pg16nS8oNbrGxEso9NyYWy8NAmXiNl4dlAp5MwoNeCWzON4w==",
      "requires": {
        "node-forge": "^0.10.0"
      }
    },
    "tslib": {
      "version": "1.14.1",
      "resolved": "https://registry.npmjs.org/tslib/-/tslib-1.14.1.tgz",
      "integrity": "sha512-Xni35NKzjgMrwevysHTCArtLDpPvye8zV/0E4EyYn43P7/7qvQwPh9BGkHewbMulVntbigmcT7rdX3BNo9wRJg=="
    },
    "typescript": {
      "version": "3.9.7",
      "resolved": "https://registry.npmjs.org/typescript/-/typescript-3.9.7.tgz",
      "integrity": "sha512-BLbiRkiBzAwsjut4x/dsibSTB6yWpwT5qWmC2OfuCg3GgVQCSgMs4vEctYPhsaGtd0AeuuHMkjZ2h2WG8MSzRw=="
    },
    "uuid": {
      "version": "3.4.0",
      "resolved": "https://registry.npmjs.org/uuid/-/uuid-3.4.0.tgz",
      "integrity": "sha512-HjSDRw6gZE5JMggctHBcjVak08+KEVhSIiDzFnT9S9aegmp85S/bReBVTb4QTFaRNptJ9kuYaNhnbNEOkbKb/A=="
    }
  }
}
